
Microsoft Visual Studio Solution File, Format Version 12.00
# Visual Studio Version 16
VisualStudioVersion = 16.0.32002.261
MinimumVisualStudioVersion = 10.0.40219.1
Project("{FAE04EC0-301F-11D3-BF4B-00C04F79EFBC}") = "eTickets", "eTickets\eTickets.csproj", "{DC746BED-FBB7-48D9-B8F9-71C7B73E162C}"
EndProject
Global
	GlobalSection(SolutionConfigurationPlatforms) = preSolution
		Debug|Any CPU = Debug|Any CPU
		Release|Any CPU = Release|Any CPU
	EndGlobalSection
	GlobalSection(ProjectConfigurationPlatforms) = postSolution
		{DC746BED-FBB7-48D9-B8F9-71C7B73E162C}.Debug|Any CPU.ActiveCfg = Debug|Any CPU
		{DC746BED-FBB7-48D9-B8F9-71C7B73E162C}.Debug|Any CPU.Build.0 = Debug|Any CPU
		{DC746BED-FBB7-48D9-B8F9-71C7B73E162C}.Release|Any CPU.ActiveCfg = Release|Any CPU
		{DC746BED-FBB7-48D9-B8F9-71C7B73E162C}.Release|Any CPU.Build.0 = Release|Any CPU
	EndGlobalSection
	GlobalSection(SolutionProperties) = preSolution
		HideSolutionNode = FALSE
	EndGlobalSection
	GlobalSection(ExtensibilityGlobals) = postSolution
		SolutionGuid = {7954389A-3913-44F0-A575-D76393C59217}
	EndGlobalSection
EndGlobal
